// !$*UTF8*$!
{
	archiveVersion = 1;
	classes = {
	};
	objectVersion = 46;
	objects = {

/* Begin PBXBuildFile section */
		36F8B9261D2E1C5100B24C82 /* main.m in Sources */ = {isa = PBXBuildFile; fileRef = 36F8B9251D2E1C5100B24C82 /* main.m */; };
		36F8B9291D2E1C5100B24C82 /* AppDelegate.m in Sources */ = {isa = PBXBuildFile; fileRef = 36F8B9281D2E1C5100B24C82 /* AppDelegate.m */; };
		36F8B92F1D2E1C5100B24C82 /* Main.storyboard in Resources */ = {isa = PBXBuildFile; fileRef = 36F8B92D1D2E1C5100B24C82 /* Main.storyboard */; };
		36F8B9311D2E1C5100B24C82 /* Assets.xcassets in Resources */ = {isa = PBXBuildFile; fileRef = 36F8B9301D2E1C5100B24C82 /* Assets.xcassets */; };
		36F8B9341D2E1C5100B24C82 /* LaunchScreen.storyboard in Resources */ = {isa = PBXBuildFile; fileRef = 36F8B9321D2E1C5100B24C82 /* LaunchScreen.storyboard */; };
		36F8B93F1D2E1C5100B24C82 /* FF3DTouchTests.m in Sources */ = {isa = PBXBuildFile; fileRef = 36F8B93E1D2E1C5100B24C82 /* FF3DTouchTests.m */; };
		36F8B94A1D2E1C5100B24C82 /* FF3DTouchUITests.m in Sources */ = {isa = PBXBuildFile; fileRef = 36F8B9491D2E1C5100B24C82 /* FF3DTouchUITests.m */; };
		36F8B9621D2E1D1000B24C82 /* FFHomeViewController.m in Sources */ = {isa = PBXBuildFile; fileRef = 36F8B95F1D2E1D1000B24C82 /* FFHomeViewController.m */; };
		36F8B9631D2E1D1000B24C82 /* FFPopViewController.m in Sources */ = {isa = PBXBuildFile; fileRef = 36F8B9611D2E1D1000B24C82 /* FFPopViewController.m */; };
/* End PBXBuildFile section */

/* Begin PBXContainerItemProxy section */
		36F8B93B1D2E1C5100B24C82 /* PBXContainerItemProxy */ = {
			isa = PBXContainerItemProxy;
			containerPortal = 36F8B9191D2E1C5100B24C82 /* Project object */;
			proxyType = 1;
			remoteGlobalIDString = 36F8B9201D2E1C5100B24C82;
			remoteInfo = FF3DTouch;
		};
		36F8B9461D2E1C5100B24C82 /* PBXContainerItemProxy */ = {
			isa = PBXContainerItemProxy;
			containerPortal = 36F8B9191D2E1C5100B24C82 /* Project object */;
			proxyType = 1;
			remoteGlobalIDString = 36F8B9201D2E1C5100B24C82;
			remoteInfo = FF3DTouch;
		};
/* End PBXContainerItemProxy section */

/* Begin PBXFileReference section */
		36F8B9211D2E1C5100B24C82 /* FF3DTouch.app */ = {isa = PBXFileReference; explicitFileType = wrapper.application; includeInIndex = 0; path = FF3DTouch.app; sourceTree = BUILT_PRODUCTS_DIR; };
		36F8B9251D2E1C5100B24C82 /* main.m */ = {isa = PBXFileReference; lastKnownFileType = sourcecode.c.objc; path = main.m; sourceTree = "<group>"; };
		36F8B9271D2E1C5100B24C82 /* AppDelegate.h */ = {isa = PBXFileReference; lastKnownFileType = sourcecode.c.h; path = AppDelegate.h; sourceTree = "<group>"; };
		36F8B9281D2E1C5100B24C82 /* AppDelegate.m */ = {isa = PBXFileReference; lastKnownFileType = sourcecode.c.objc; path = AppDelegate.m; sourceTree = "<group>"; };
		36F8B92E1D2E1C5100B24C82 /* Base */ = {isa = PBXFileReference; lastKnownFileType = file.storyboard; name = Base; path = Base.lproj/Main.storyboard; sourceTree = "<group>"; };
		36F8B9301D2E1C5100B24C82 /* Assets.xcassets */ = {isa = PBXFileReference; lastKnownFileType = folder.assetcatalog; path = Assets.xcassets; sourceTree = "<group>"; };
		36F8B9331D2E1C5100B24C82 /* Base */ = {isa = PBXFileReference; lastKnownFileType = file.storyboard; name = Base; path = Base.lproj/LaunchScreen.storyboard; sourceTree = "<group>"; };
		36F8B9351D2E1C5100B24C82 /* Info.plist */ = {isa = PBXFileReference; lastKnownFileType = text.plist.xml; path = Info.plist; sourceTree = "<group>"; };
		36F8B93A1D2E1C5100B24C82 /* FF3DTouchTests.xctest */ = {isa = PBXFileReference; explicitFileType = wrapper.cfbundle; includeInIndex = 0; path = FF3DTouchTests.xctest; sourceTree = BUILT_PRODUCTS_DIR; };
		36F8B93E1D2E1C5100B24C82 /* FF3DTouchTests.m */ = {isa = PBXFileReference; lastKnownFileType = sourcecode.c.objc; path = FF3DTouchTests.m; sourceTree = "<group>"; };
		36F8B9401D2E1C5100B24C82 /* Info.plist */ = {isa = PBXFileReference; lastKnownFileType = text.plist.xml; path = Info.plist; sourceTree = "<group>"; };
		36F8B9451D2E1C5100B24C82 /* FF3DTouchUITests.xctest */ = {isa = PBXFileReference; explicitFileType = wrapper.cfbundle; includeInIndex = 0; path = FF3DTouchUITests.xctest; sourceTree = BUILT_PRODUCTS_DIR; };
		36F8B9491D2E1C5100B24C82 /* FF3DTouchUITests.m */ = {isa = PBXFileReference; lastKnownFileType = sourcecode.c.objc; path = FF3DTouchUITests.m; sourceTree = "<group>"; };
		36F8B94B1D2E1C5100B24C82 /* Info.plist */ = {isa = PBXFileReference; lastKnownFileType = text.plist.xml; path = Info.plist; sourceTree = "<group>"; };
		36F8B95E1D2E1D1000B24C82 /* FFHomeViewController.h */ = {isa = PBXFileReference; fileEncoding = 4; lastKnownFileType = sourcecode.c.h; path = FFHomeViewController.h; sourceTree = "<group>"; };
		36F8B95F1D2E1D1000B24C82 /* FFHomeViewController.m */ = {isa = PBXFileReference; fileEncoding = 4; lastKnownFileType = sourcecode.c.objc; path = FFHomeViewController.m; sourceTree = "<group>"; };
		36F8B9601D2E1D1000B24C82 /* FFPopViewController.h */ = {isa = PBXFileReference; fileEncoding = 4; lastKnownFileType = sourcecode.c.h; path = FFPopViewController.h; sourceTree = "<group>"; };
		36F8B9611D2E1D1000B24C82 /* FFPopViewController.m */ = {isa = PBXFileReference; fileEncoding = 4; lastKnownFileType = sourcecode.c.objc; path = FFPopViewController.m; sourceTree = "<group>"; };
/* End PBXFileReference section */

/* Begin PBXFrameworksBuildPhase section */
		36F8B91E1D2E1C5100B24C82 /* Frameworks */ = {
			isa = PBXFrameworksBuildPhase;
			buildActionMask = 2147483647;
			files = (
			);
			runOnlyForDeploymentPostprocessing = 0;
		};
		36F8B9371D2E1C5100B24C82 /* Frameworks */ = {
			isa = PBXFrameworksBuildPhase;
			buildActionMask = 2147483647;
			files = (
			);
			runOnlyForDeploymentPostprocessing = 0;
		};
		36F8B9421D2E1C5100B24C82 /* Frameworks */ = {
			isa = PBXFrameworksBuildPhase;
			buildActionMask = 2147483647;
			files = (
			);
			runOnlyForDeploymentPostprocessing = 0;
		};
/* End PBXFrameworksBuildPhase section */

/* Begin PBXGroup section */
		36F8B9181D2E1C5100B24C82 = {
			isa = PBXGroup;
			children = (
				36F8B9231D2E1C5100B24C82 /* FF3DTouch */,
				36F8B93D1D2E1C5100B24C82 /* FF3DTouchTests */,
				36F8B9481D2E1C5100B24C82 /* FF3DTouchUITests */,
				36F8B9221D2E1C5100B24C82 /* Products */,
			);
			sourceTree = "<group>";
		};
		36F8B9221D2E1C5100B24C82 /* Products */ = {
			isa = PBXGroup;
			children = (
				36F8B9211D2E1C5100B24C82 /* FF3DTouch.app */,
				36F8B93A1D2E1C5100B24C82 /* FF3DTouchTests.xctest */,
				36F8B9451D2E1C5100B24C82 /* FF3DTouchUITests.xctest */,
			);
			name = Products;
			sourceTree = "<group>";
		};
		36F8B9231D2E1C5100B24C82 /* FF3DTouch */ = {
			isa = PBXGroup;
			children = (
				36F8B95D1D2E1D1000B24C82 /* Pages */,
				36F8B9271D2E1C5100B24C82 /* AppDelegate.h */,
				36F8B9281D2E1C5100B24C82 /* AppDelegate.m */,
				36F8B9241D2E1C5100B24C82 /* Supporting Files */,
			);
			path = FF3DTouch;
			sourceTree = "<group>";
		};
		36F8B9241D2E1C5100B24C82 /* Supporting Files */ = {
			isa = PBXGroup;
			children = (
				36F8B92D1D2E1C5100B24C82 /* Main.storyboard */,
				36F8B9301D2E1C5100B24C82 /* Assets.xcassets */,
				36F8B9321D2E1C5100B24C82 /* LaunchScreen.storyboard */,
				36F8B9351D2E1C5100B24C82 /* Info.plist */,
				36F8B9251D2E1C5100B24C82 /* main.m */,
			);
			name = "Supporting Files";
			sourceTree = "<group>";
		};
		36F8B93D1D2E1C5100B24C82 /* FF3DTouchTests */ = {
			isa = PBXGroup;
			children = (
				36F8B93E1D2E1C5100B24C82 /* FF3DTouchTests.m */,
				36F8B9401D2E1C5100B24C82 /* Info.plist */,
			);
			path = FF3DTouchTests;
			sourceTree = "<group>";
		};
		36F8B9481D2E1C5100B24C82 /* FF3DTouchUITests */ = {
			isa = PBXGroup;
			children = (
				36F8B9491D2E1C5100B24C82 /* FF3DTouchUITests.m */,
				36F8B94B1D2E1C5100B24C82 /* Info.plist */,
			);
			path = FF3DTouchUITests;
			sourceTree = "<group>";
		};
		36F8B95D1D2E1D1000B24C82 /* Pages */ = {
			isa = PBXGroup;
			children = (
				36F8B95E1D2E1D1000B24C82 /* FFHomeViewController.h */,
				36F8B95F1D2E1D1000B24C82 /* FFHomeViewController.m */,
				36F8B9601D2E1D1000B24C82 /* FFPopViewController.h */,
				36F8B9611D2E1D1000B24C82 /* FFPopViewController.m */,
			);
			path = Pages;
			sourceTree = "<group>";
		};
/* End PBXGroup section */

/* Begin PBXNativeTarget section */
		36F8B9201D2E1C5100B24C82 /* FF3DTouch */ = {
			isa = PBXNativeTarget;
			buildConfigurationList = 36F8B94E1D2E1C5100B24C82 /* Build configuration list for PBXNativeTarget "FF3DTouch" */;
			buildPhases = (
				36F8B91D1D2E1C5100B24C82 /* Sources */,
				36F8B91E1D2E1C5100B24C82 /* Frameworks */,
				36F8B91F1D2E1C5100B24C82 /* Resources */,
			);
			buildRules = (
			);
			dependencies = (
			);
			name = FF3DTouch;
			productName = FF3DTouch;
			productReference = 36F8B9211D2E1C5100B24C82 /* FF3DTouch.app */;
			productType = "com.apple.product-type.application";
		};
		36F8B9391D2E1C5100B24C82 /* FF3DTouchTests */ = {
			isa = PBXNativeTarget;
			buildConfigurationList = 36F8B9511D2E1C5100B24C82 /* Build configuration list for PBXNativeTarget "FF3DTouchTests" */;
			buildPhases = (
				36F8B9361D2E1C5100B24C82 /* Sources */,
				36F8B9371D2E1C5100B24C82 /* Frameworks */,
				36F8B9381D2E1C5100B24C82 /* Resources */,
			);
			buildRules = (
			);
			dependencies = (
				36F8B93C1D2E1C5100B24C82 /* PBXTargetDependency */,
			);
			name = FF3DTouchTests;
			productName = FF3DTouchTests;
			productReference = 36F8B93A1D2E1C5100B24C82 /* FF3DTouchTests.xctest */;
			productType = "com.apple.product-type.bundle.unit-test";
		};
		36F8B9441D2E1C5100B24C82 /* FF3DTouchUITests */ = {
			isa = PBXNativeTarget;
			buildConfigurationList = 36F8B9541D2E1C5100B24C82 /* Build configuration list for PBXNativeTarget "FF3DTouchUITests" */;
			buildPhases = (
				36F8B9411D2E1C5100B24C82 /* Sources */,
				36F8B9421D2E1C5100B24C82 /* Frameworks */,
				36F8B9431D2E1C5100B24C82 /* Resources */,
			);
			buildRules = (
			);
			dependencies = (
				36F8B9471D2E1C5100B24C82 /* PBXTargetDependency */,
			);
			name = FF3DTouchUITests;
			productName = FF3DTouchUITests;
			productReference = 36F8B9451D2E1C5100B24C82 /* FF3DTouchUITests.xctest */;
			productType = "com.apple.product-type.bundle.ui-testing";
		};
/* End PBXNativeTarget section */

/* Begin PBXProject section */
		36F8B9191D2E1C5100B24C82 /* Project object */ = {
			isa = PBXProject;
			attributes = {
				CLASSPREFIX = FF;
				LastUpgradeCheck = 0730;
				ORGANIZATIONNAME = "张玲玉";
				TargetAttributes = {
					36F8B9201D2E1C5100B24C82 = {
						CreatedOnToolsVersion = 7.3.1;
					};
					36F8B9391D2E1C5100B24C82 = {
						CreatedOnToolsVersion = 7.3.1;
						TestTargetID = 36F8B9201D2E1C5100B24C82;
					};
					36F8B9441D2E1C5100B24C82 = {
						CreatedOnToolsVersion = 7.3.1;
						TestTargetID = 36F8B9201D2E1C5100B24C82;
					};
				};
			};
			buildConfigurationList = 36F8B91C1D2E1C5100B24C82 /* Build configuration list for PBXProject "FF3DTouch" */;
			compatibilityVersion = "Xcode 3.2";
			developmentRegion = English;
			hasScannedForEncodings = 0;
			knownRegions = (
				en,
				Base,
			);
			mainGroup = 36F8B9181D2E1C5100B24C82;
			productRefGroup = 36F8B9221D2E1C5100B24C82 /* Products */;
			projectDirPath = "";
			projectRoot = "";
			targets = (
				36F8B9201D2E1C5100B24C82 /* FF3DTouch */,
				36F8B9391D2E1C5100B24C82 /* FF3DTouchTests */,
				36F8B9441D2E1C5100B24C82 /* FF3DTouchUITests */,
			);
		};
/* End PBXProject section */

/* Begin PBXResourcesBuildPhase section */
		36F8B91F1D2E1C5100B24C82 /* Resources */ = {
			isa = PBXResourcesBuildPhase;
			buildActionMask = 2147483647;
			files = (
				36F8B9341D2E1C5100B24C82 /* LaunchScreen.storyboard in Resources */,
				36F8B9311D2E1C5100B24C82 /* Assets.xcassets in Resources */,
				36F8B92F1D2E1C5100B24C82 /* Main.storyboard in Resources */,
			);
			runOnlyForDeploymentPostprocessing = 0;
		};
		36F8B9381D2E1C5100B24C82 /* Resources */ = {
			isa = PBXResourcesBuildPhase;
			buildActionMask = 2147483647;
			files = (
			);
			runOnlyForDeploymentPostprocessing = 0;
		};
		36F8B9431D2E1C5100B24C82 /* Resources */ = {
			isa = PBXResourcesBuildPhase;
			buildActionMask = 2147483647;
			files = (
			);
			runOnlyForDeploymentPostprocessing = 0;
		};
/* End PBXResourcesBuildPhase section */

/* Begin PBXSourcesBuildPhase section */
		36F8B91D1D2E1C5100B24C82 /* Sources */ = {
			isa = PBXSourcesBuildPhase;
			buildActionMask = 2147483647;
			files = (
				36F8B9291D2E1C5100B24C82 /* AppDelegate.m in Sources */,
				36F8B9621D2E1D1000B24C82 /* FFHomeViewController.m in Sources */,
				36F8B9631D2E1D1000B24C82 /* FFPopViewController.m in Sources */,
				36F8B9261D2E1C5100B24C82 /* main.m in Sources */,
			);
			runOnlyForDeploymentPostprocessing = 0;
		};
		36F8B9361D2E1C5100B24C82 /* Sources */ = {
			isa = PBXSourcesBuildPhase;
			buildActionMask = 2147483647;
			files = (
				36F8B93F1D2E1C5100B24C82 /* FF3DTouchTests.m in Sources */,
			);
			runOnlyForDeploymentPostprocessing = 0;
		};
		36F8B9411D2E1C5100B24C82 /* Sources */ = {
			isa = PBXSourcesBuildPhase;
			buildActionMask = 2147483647;
			files = (
				36F8B94A1D2E1C5100B24C82 /* FF3DTouchUITests.m in Sources */,
			);
			runOnlyForDeploymentPostprocessing = 0;
		};
/* End PBXSourcesBuildPhase section */

/* Begin PBXTargetDependency section */
		36F8B93C1D2E1C5100B24C82 /* PBXTargetDependency */ = {
			isa = PBXTargetDependency;
			target = 36F8B9201D2E1C5100B24C82 /* FF3DTouch */;
			targetProxy = 36F8B93B1D2E1C5100B24C82 /* PBXContainerItemProxy */;
		};
		36F8B9471D2E1C5100B24C82 /* PBXTargetDependency */ = {
			isa = PBXTargetDependency;
			target = 36F8B9201D2E1C5100B24C82 /* FF3DTouch */;
			targetProxy = 36F8B9461D2E1C5100B24C82 /* PBXContainerItemProxy */;
		};
/* End PBXTargetDependency section */

/* Begin PBXVariantGroup section */
		36F8B92D1D2E1C5100B24C82 /* Main.storyboard */ = {
			isa = PBXVariantGroup;
			children = (
				36F8B92E1D2E1C5100B24C82 /* Base */,
			);
			name = Main.storyboard;
			sourceTree = "<group>";
		};
		36F8B9321D2E1C5100B24C82 /* LaunchScreen.storyboard */ = {
			isa = PBXVariantGroup;
			children = (
				36F8B9331D2E1C5100B24C82 /* Base */,
			);
			name = LaunchScreen.storyboard;
			sourceTree = "<group>";
		};
/* End PBXVariantGroup section */

/* Begin XCBuildConfiguration section */
		36F8B94C1D2E1C5100B24C82 /* Debug */ = {
			isa = XCBuildConfiguration;
			buildSettings = {
				ALWAYS_SEARCH_USER_PATHS = NO;
				CLANG_ANALYZER_NONNULL = YES;
				CLANG_CXX_LANGUAGE_STANDARD = "gnu++0x";
				CLANG_CXX_LIBRARY = "libc++";
				CLANG_ENABLE_MODULES = YES;
				CLANG_ENABLE_OBJC_ARC = YES;
				CLANG_WARN_BOOL_CONVERSION = YES;
				CLANG_WARN_CONSTANT_CONVERSION = YES;
				CLANG_WARN_DIRECT_OBJC_ISA_USAGE = YES_ERROR;
				CLANG_WARN_EMPTY_BODY = YES;
				CLANG_WARN_ENUM_CONVERSION = YES;
				CLANG_WARN_INT_CONVERSION = YES;
				CLANG_WARN_OBJC_ROOT_CLASS = YES_ERROR;
				CLANG_WARN_UNREACHABLE_CODE = YES;
				CLANG_WARN__DUPLICATE_METHOD_MATCH = YES;
				"CODE_SIGN_IDENTITY[sdk=iphoneos*]" = "iPhone Developer";
				COPY_PHASE_STRIP = NO;
				DEBUG_INFORMATION_FORMAT = dwarf;
				ENABLE_STRICT_OBJC_MSGSEND = YES;
				ENABLE_TESTABILITY = YES;
				GCC_C_LANGUAGE_STANDARD = gnu99;
				GCC_DYNAMIC_NO_PIC = NO;
				GCC_NO_COMMON_BLOCKS = YES;
				GCC_OPTIMIZATION_LEVEL = 0;
				GCC_PREPROCESSOR_DEFINITIONS = (
					"DEBUG=1",
					"$(inherited)",
				);
				GCC_WARN_64_TO_32_BIT_CONVERSION = YES;
				GCC_WARN_ABOUT_RETURN_TYPE = YES_ERROR;
				GCC_WARN_UNDECLARED_SELECTOR = YES;
				GCC_WARN_UNINITIALIZED_AUTOS = YES_AGGRESSIVE;
				GCC_WARN_UNUSED_FUNCTION = YES;
				GCC_WARN_UNUSED_VARIABLE = YES;
				IPHONEOS_DEPLOYMENT_TARGET = 9.3;
				MTL_ENABLE_DEBUG_INFO = YES;
				ONLY_ACTIVE_ARCH = YES;
				SDKROOT = iphoneos;
			};
			name = Debug;
		};
		36F8B94D1D2E1C5100B24C82 /* Release */ = {
			isa = XCBuildConfiguration;
			buildSettings = {
				ALWAYS_SEARCH_USER_PATHS = NO;
				CLANG_ANALYZER_NONNULL = YES;
				CLANG_CXX_LANGUAGE_STANDARD = "gnu++0x";
				CLANG_CXX_LIBRARY = "libc++";
				CLANG_ENABLE_MODULES = YES;
				CLANG_ENABLE_OBJC_ARC = YES;
				CLANG_WARN_BOOL_CONVERSION = YES;
				CLANG_WARN_CONSTANT_CONVERSION = YES;
				CLANG_WARN_DIRECT_OBJC_ISA_USAGE = YES_ERROR;
				CLANG_WARN_EMPTY_BODY = YES;
				CLANG_WARN_ENUM_CONVERSION = YES;
				CLANG_WARN_INT_CONVERSION = YES;
				CLANG_WARN_OBJC_ROOT_CLASS = YES_ERROR;
				CLANG_WARN_UNREACHABLE_CODE = YES;
				CLANG_WARN__DUPLICATE_METHOD_MATCH = YES;
				"CODE_SIGN_IDENTITY[sdk=iphoneos*]" = "iPhone Developer";
				COPY_PHASE_STRIP = NO;
				DEBUG_INFORMATION_FORMAT = "dwarf-with-dsym";
				ENABLE_NS_ASSERTIONS = NO;
				ENABLE_STRICT_OBJC_MSGSEND = YES;
				GCC_C_LANGUAGE_STANDARD = gnu99;
				GCC_NO_COMMON_BLOCKS = YES;
				GCC_WARN_64_TO_32_BIT_CONVERSION = YES;
				GCC_WARN_ABOUT_RETURN_TYPE = YES_ERROR;
				GCC_WARN_UNDECLARED_SELECTOR = YES;
				GCC_WARN_UNINITIALIZED_AUTOS = YES_AGGRESSIVE;
				GCC_WARN_UNUSED_FUNCTION = YES;
				GCC_WARN_UNUSED_VARIABLE = YES;
				IPHONEOS_DEPLOYMENT_TARGET = 9.3;
				MTL_ENABLE_DEBUG_INFO = NO;
				SDKROOT = iphoneos;
				VALIDATE_PRODUCT = YES;
			};
			name = Release;
		};
		36F8B94F1D2E1C5100B24C82 /* Debug */ = {
			isa = XCBuildConfiguration;
			buildSettings = {
				ASSETCATALOG_COMPILER_APPICON_NAME = AppIcon;
				CODE_SIGN_IDENTITY = "iPhone Developer";
				"CODE_SIGN_IDENTITY[sdk=iphoneos*]" = "iPhone Developer";
				INFOPLIST_FILE = FF3DTouch/Info.plist;
				IPHONEOS_DEPLOYMENT_TARGET = 6.0;
				LD_RUNPATH_SEARCH_PATHS = "$(inherited) @executable_path/Frameworks";
				PRODUCT_BUNDLE_IDENTIFIER = com.zly.FF3DTouch;
				PRODUCT_NAME = "$(TARGET_NAME)";
				PROVISIONING_PROFILE = "";
			};
			name = Debug;
		};
		36F8B9501D2E1C5100B24C82 /* Release */ = {
			isa = XCBuildConfiguration;
			buildSettings = {
				ASSETCATALOG_COMPILER_APPICON_NAME = AppIcon;
				CODE_SIGN_IDENTITY = "iPhone Developer";
				"CODE_SIGN_IDENTITY[sdk=iphoneos*]" = "iPhone Developer";
				INFOPLIST_FILE = FF3DTouch/Info.plist;
				IPHONEOS_DEPLOYMENT_TARGET = 6.0;
				LD_RUNPATH_SEARCH_PATHS = "$(inherited) @executable_path/Frameworks";
				PRODUCT_BUNDLE_IDENTIFIER = com.zly.FF3DTouch;
				PRODUCT_NAME = "$(TARGET_NAME)";
				PROVISIONING_PROFILE = "";
			};
			name = Release;
		};
		36F8B9521D2E1C5100B24C82 /* Debug */ = {
			isa = XCBuildConfiguration;
			buildSettings = {
				BUNDLE_LOADER = "$(TEST_HOST)";
				INFOPLIST_FILE = FF3DTouchTests/Info.plist;
				LD_RUNPATH_SEARCH_PATHS = "$(inherited) @executable_path/Frameworks @loader_path/Frameworks";
				PRODUCT_BUNDLE_IDENTIFIER = zhanglingyu.com.FF3DTouchTests;
				PRODUCT_NAME = "$(TARGET_NAME)";
				TEST_HOST = "$(BUILT_PRODUCTS_DIR)/FF3DTouch.app/FF3DTouch";
			};
			name = Debug;
		};
		36F8B9531D2E1C5100B24C82 /* Release */ = {
			isa = XCBuildConfiguration;
			buildSettings = {
				BUNDLE_LOADER = "$(TEST_HOST)";
				INFOPLIST_FILE = FF3DTouchTests/Info.plist;
				LD_RUNPATH_SEARCH_PATHS = "$(inherited) @executable_path/Frameworks @loader_path/Frameworks";
				PRODUCT_BUNDLE_IDENTIFIER = zhanglingyu.com.FF3DTouchTests;
				PRODUCT_NAME = "$(TARGET_NAME)";
				TEST_HOST = "$(BUILT_PRODUCTS_DIR)/FF3DTouch.app/FF3DTouch";
			};
			name = Release;
		};
		36F8B9551D2E1C5100B24C82 /* Debug */ = {
			isa = XCBuildConfiguration;
			buildSettings = {
				INFOPLIST_FILE = FF3DTouchUITests/Info.plist;
				LD_RUNPATH_SEARCH_PATHS = "$(inherited) @executable_path/Frameworks @loader_path/Frameworks";
				PRODUCT_BUNDLE_IDENTIFIER = zhanglingyu.com.FF3DTouchUITests;
				PRODUCT_NAME = "$(TARGET_NAME)";
				TEST_TARGET_NAME = FF3DTouch;
			};
			name = Debug;
		};
		36F8B9561D2E1C5100B24C82 /* Release */ = {
			isa = XCBuildConfiguration;
			buildSettings = {
				INFOPLIST_FILE = FF3DTouchUITests/Info.plist;
				LD_RUNPATH_SEARCH_PATHS = "$(inherited) @executable_path/Frameworks @loader_path/Frameworks";
				PRODUCT_BUNDLE_IDENTIFIER = zhanglingyu.com.FF3DTouchUITests;
				PRODUCT_NAME = "$(TARGET_NAME)";
				TEST_TARGET_NAME = FF3DTouch;
			};
			name = Release;
		};
/* End XCBuildConfiguration section */

/* Begin XCConfigurationList section */
		36F8B91C1D2E1C5100B24C82 /* Build configuration list for PBXProject "FF3DTouch" */ = {
			isa = XCConfigurationList;
			buildConfigurations = (
				36F8B94C1D2E1C5100B24C82 /* Debug */,
				36F8B94D1D2E1C5100B24C82 /* Release */,
			);
			defaultConfigurationIsVisible = 0;
			defaultConfigurationName = Release;
		};
		36F8B94E1D2E1C5100B24C82 /* Build configuration list for PBXNativeTarget "FF3DTouch" */ = {
			isa = XCConfigurationList;
			buildConfigurations = (
				36F8B94F1D2E1C5100B24C82 /* Debug */,
				36F8B9501D2E1C5100B24C82 /* Release */,
			);
			defaultConfigurationIsVisible = 0;
		};
		36F8B9511D2E1C5100B24C82 /* Build configuration list for PBXNativeTarget "FF3DTouchTests" */ = {
			isa = XCConfigurationList;
			buildConfigurations = (
				36F8B9521D2E1C5100B24C82 /* Debug */,
				36F8B9531D2E1C5100B24C82 /* Release */,
			);
			defaultConfigurationIsVisible = 0;
		};
		36F8B9541D2E1C5100B24C82 /* Build configuration list for PBXNativeTarget "FF3DTouchUITests" */ = {
			isa = XCConfigurationList;
			buildConfigurations = (
				36F8B9551D2E1C5100B24C82 /* Debug */,
				36F8B9561D2E1C5100B24C82 /* Release */,
			);
			defaultConfigurationIsVisible = 0;
		};
/* End XCConfigurationList section */
	};
	rootObject = 36F8B9191D2E1C5100B24C82 /* Project object */;
}
